<Solution>
  <Project Path="RestaurantOrderQueueApi.Api/RestaurantOrderQueueApi.Api.csproj" />
  <Project Path="RestaurantOrderQueueApi.Application/RestaurantOrderQueueApi.Application.csproj" />
  <Project Path="RestaurantOrderQueueApi.Domain/RestaurantOrderQueueApi.Domain.csproj" />
  <Project Path="RestaurantOrderQueueApi.Infrastructure/RestaurantOrderQueueApi.Infrastructure.csproj" />
</Solution>
